github.com/domodwyer/mailyak/v3 v3.6.2 h1:x3tGMsyFhTCaxp6ycgR0FE/bu5QiNp+hetUuCOBXMn8=
github.com/domodwyer/mailyak/v3 v3.6.2/go.mod h1:lOm/u9CyCVWHeaAmHIdF4RiKVxKUT/H5XX10lIKAL6c=
github.com/mailjet/mailjet-apiv3-go/v3 v3.2.0 h1:/gjowTurgK4iqLzVAQmjtcldyaW6tbJNA4PzZsuj2Ks=
github.com/mailjet/mailjet-apiv3-go/v3 v3.2.0/go.mod h1:Nw3mVzRxV0CVDTlzaRcADGKt4PMNbT7gYIyEtjMrVIM=
github.com/mailjet/mailjet-apiv3-go/v4 v4.0.1 h1:VwdxYT1lPOIBZolqNtN6GcpdOySgHhCFQNsbN5P7uh8=
github.com/mailjet/mailjet-apiv3-go/v4 v4.0.1/go.mod h1:2SU3t6eh/uK6BSeBmdhpIUau99L4iPlIfbx4o4pAUQs=
